
Microsoft Visual Studio Solution File, Format Version 12.00
# Visual Studio Version 16
VisualStudioVersion = 16.0.31702.278
MinimumVisualStudioVersion = 10.0.40219.1
Project("{FAE04EC0-301F-11D3-BF4B-00C04F79EFBC}") = "RevitAPITraining_2_4", "RevitAPITraining_2_4\RevitAPITraining_2_4.csproj", "{B4B9D26A-BD7B-4B4B-9FBC-9AC0428E082B}"
EndProject
Global
	GlobalSection(SolutionConfigurationPlatforms) = preSolution
		Debug|Any CPU = Debug|Any CPU
		Release|Any CPU = Release|Any CPU
	EndGlobalSection
	GlobalSection(ProjectConfigurationPlatforms) = postSolution
		{B4B9D26A-BD7B-4B4B-9FBC-9AC0428E082B}.Debug|Any CPU.ActiveCfg = Debug|Any CPU
		{B4B9D26A-BD7B-4B4B-9FBC-9AC0428E082B}.Debug|Any CPU.Build.0 = Debug|Any CPU
		{B4B9D26A-BD7B-4B4B-9FBC-9AC0428E082B}.Release|Any CPU.ActiveCfg = Release|Any CPU
		{B4B9D26A-BD7B-4B4B-9FBC-9AC0428E082B}.Release|Any CPU.Build.0 = Release|Any CPU
	EndGlobalSection
	GlobalSection(SolutionProperties) = preSolution
		HideSolutionNode = FALSE
	EndGlobalSection
	GlobalSection(ExtensibilityGlobals) = postSolution
		SolutionGuid = {916BDA63-85DB-4821-8011-943823133B44}
	EndGlobalSection
EndGlobal
